
Microsoft Visual Studio Solution File, Format Version 12.00
# Visual Studio 15
VisualStudioVersion = 15.0.27703.2042
MinimumVisualStudioVersion = 10.0.40219.1
Project("{FAE04EC0-301F-11D3-BF4B-00C04F79EFBC}") = "SSH1", "SSH1\SSH1.csproj", "{CF435E3A-1C06-45A0-96F8-32F3300DCA29}"
EndProject
Global
	GlobalSection(SolutionConfigurationPlatforms) = preSolution
		Debug|Any CPU = Debug|Any CPU
		Release|Any CPU = Release|Any CPU
	EndGlobalSection
	GlobalSection(ProjectConfigurationPlatforms) = postSolution
		{CF435E3A-1C06-45A0-96F8-32F3300DCA29}.Debug|Any CPU.ActiveCfg = Debug|Any CPU
		{CF435E3A-1C06-45A0-96F8-32F3300DCA29}.Debug|Any CPU.Build.0 = Debug|Any CPU
		{CF435E3A-1C06-45A0-96F8-32F3300DCA29}.Release|Any CPU.ActiveCfg = Release|Any CPU
		{CF435E3A-1C06-45A0-96F8-32F3300DCA29}.Release|Any CPU.Build.0 = Release|Any CPU
	EndGlobalSection
	GlobalSection(SolutionProperties) = preSolution
		HideSolutionNode = FALSE
	EndGlobalSection
	GlobalSection(ExtensibilityGlobals) = postSolution
		SolutionGuid = {0CDD58C9-30BC-4397-9A3A-09849B3F3B48}
	EndGlobalSection
EndGlobal
